{
  "name": "@aczwink/openarabdict-openarabicconjugation-bridge",
  "version": "1.0.0",
  "lockfileVersion": 3,
  "requires": true,
  "packages": {
    "": {
      "name": "@aczwink/openarabdict-openarabicconjugation-bridge",
      "version": "1.0.0",
      "license": "AGPL-3.0",
      "dependencies": {
        "@aczwink/acts-util-core": "^1.0.0",
        "@aczwink/openarabdict-domain": "^1.0.0",
        "@aczwink/openarabicconjugation": "^1.0.0"
      },
      "devDependencies": {
        "typescript": "^5.7.3"
      }
    },
    "node_modules/@aczwink/acts-util-core": {
      "version": "1.0.0",
      "resolved": "https://npm.pkg.github.com/download/@aczwink/acts-util-core/1.0.0/651f4d91ddd907154c63ee17f62f119c2cc07a47",
      "integrity": "sha512-agQpPcktET9Rf/Ccve4fEPvrNaZJg4WKXihygQFEGqvWZ4i5JJui8n3z2F+J938MJ7DOhJjiptJKTgK7tWopcw==",
      "license": "AGPL-3.0-only",
      "dependencies": {
        "reflect-metadata": "^0.2.2"
      }
    },
    "node_modules/@aczwink/openarabdict-domain": {
      "version": "1.0.0",
      "resolved": "https://npm.pkg.github.com/download/@aczwink/openarabdict-domain/1.0.0/335103a899c13ad517197b73bbaed0009150a2fa",
      "integrity": "sha512-9UMMi3jDiwtZ4AGW/xdo0EoSij9ITCBkx4jImoGshHCWW4xvvOGdeNvtBGFJeYf3F3mtfuy4RqZN0WBiuOr6Nw==",
      "license": "AGPL-3.0"
    },
    "node_modules/@aczwink/openarabicconjugation": {
      "version": "1.0.0",
      "resolved": "https://npm.pkg.github.com/download/@aczwink/openarabicconjugation/1.0.0/d61640627e228d44c31bc7b015d2fb603b040cb1",
      "integrity": "sha512-aFXYAtSOBQ52+gtmPuqm6/fCbIQ00ii+XuBbBvdOb2WXy21DmJNhVVD8cyh69gpLBrLL1JO2ooT2AtZ+x4KpaQ==",
      "license": "AGPL-3.0",
      "dependencies": {
        "@aczwink/acts-util-core": "^1.0.0"
      }
    },
    "node_modules/reflect-metadata": {
      "version": "0.2.2",
      "resolved": "https://registry.npmjs.org/reflect-metadata/-/reflect-metadata-0.2.2.tgz",
      "integrity": "sha512-urBwgfrvVP/eAyXx4hluJivBKzuEbSQs9rKWCrCkbSxNv8mxPcUZKeuoF3Uy4mJl3Lwprp6yy5/39VWigZ4K6Q==",
      "license": "Apache-2.0"
    },
    "node_modules/typescript": {
      "version": "5.9.3",
      "resolved": "https://registry.npmjs.org/typescript/-/typescript-5.9.3.tgz",
      "integrity": "sha512-jl1vZzPDinLr9eUt3J/t7V6FgNEw9QjvBPdysz9KfQDD41fQrC2Y4vKQdiaUpFT4bXlb1RHhLpp8wtm6M5TgSw==",
      "dev": true,
      "license": "Apache-2.0",
      "bin": {
        "tsc": "bin/tsc",
        "tsserver": "bin/tsserver"
      },
      "engines": {
        "node": ">=14.17"
      }
    }
  }
}
