{
  "name": "@aczwink/openarabdict-openarabicconjugation-bridge",
  "version": "1.1.0",
  "lockfileVersion": 3,
  "requires": true,
  "packages": {
    "": {
      "name": "@aczwink/openarabdict-openarabicconjugation-bridge",
      "version": "1.1.0",
      "license": "AGPL-3.0",
      "dependencies": {
        "@aczwink/acts-util-core": "^1.0.0",
        "@aczwink/openarabdict-domain": "^2.0.0",
        "@aczwink/openarabicconjugation": "^1.2.7"
      },
      "devDependencies": {
        "typescript": "^6.0.3"
      }
    },
    "node_modules/@aczwink/acts-util-core": {
      "version": "1.0.0",
      "resolved": "https://npm.pkg.github.com/download/@aczwink/acts-util-core/1.0.0/a1c30143d22b4c6d002c6d755ad9fec93831e8f8",
      "integrity": "sha512-n4xcAXUb2meDzLdVD6nz1XzNCMzUkVA3jbn/LXHBY1q4jCgh+6SzzAQVIzM45RZEcEbIjnGEjJ6bwAzkkzT2tQ==",
      "license": "AGPL-3.0-only",
      "dependencies": {
        "reflect-metadata": "^0.2.2"
      }
    },
    "node_modules/@aczwink/openarabdict-domain": {
      "version": "2.0.0",
      "resolved": "https://npm.pkg.github.com/download/@aczwink/openarabdict-domain/2.0.0/5b1df7fac4b7f52ed4adf4da4c9ab7578306d592",
      "integrity": "sha512-RW41dtFeMb/8ozG5O1QZLqPw+Yug9L7zwxSvI2TCL5DQuL63DvYjFNV6UfeN8p2bWJ3illyUYExY3aQOBmHuXw==",
      "license": "AGPL-3.0"
    },
    "node_modules/@aczwink/openarabicconjugation": {
      "version": "1.2.7",
      "resolved": "https://npm.pkg.github.com/download/@aczwink/openarabicconjugation/1.2.7/dfc7cbea18241287eb92da54d833b3bf57157754",
      "integrity": "sha512-HstRjB/ysagOr3kQGjuMboUU1sbWgsOjRI7l1j/Z5gK05PHwBtwTatpYkNO6WfXnx21j17v/iNKd+ayLN6hfYw==",
      "license": "AGPL-3.0",
      "dependencies": {
        "@aczwink/acts-util-core": "^1.0.0"
      }
    },
    "node_modules/reflect-metadata": {
      "version": "0.2.2",
      "resolved": "https://registry.npmjs.org/reflect-metadata/-/reflect-metadata-0.2.2.tgz",
      "integrity": "sha512-urBwgfrvVP/eAyXx4hluJivBKzuEbSQs9rKWCrCkbSxNv8mxPcUZKeuoF3Uy4mJl3Lwprp6yy5/39VWigZ4K6Q==",
      "license": "Apache-2.0"
    },
    "node_modules/typescript": {
      "version": "6.0.3",
      "resolved": "https://registry.npmjs.org/typescript/-/typescript-6.0.3.tgz",
      "integrity": "sha512-y2TvuxSZPDyQakkFRPZHKFm+KKVqIisdg9/CZwm9ftvKXLP8NRWj38/ODjNbr43SsoXqNuAisEf1GdCxqWcdBw==",
      "dev": true,
      "license": "Apache-2.0",
      "bin": {
        "tsc": "bin/tsc",
        "tsserver": "bin/tsserver"
      },
      "engines": {
        "node": ">=14.17"
      }
    }
  }
}
