{
  "name": "@aczwink/openarabdict-openarabicconjugation-bridge",
  "version": "1.0.1",
  "lockfileVersion": 3,
  "requires": true,
  "packages": {
    "": {
      "name": "@aczwink/openarabdict-openarabicconjugation-bridge",
      "version": "1.0.1",
      "license": "AGPL-3.0",
      "dependencies": {
        "@aczwink/acts-util-core": "^1.0.0",
        "@aczwink/openarabdict-domain": "^1.0.0",
        "@aczwink/openarabicconjugation": "^1.0.0"
      },
      "devDependencies": {
        "typescript": "^5.7.3"
      }
    },
    "node_modules/@aczwink/acts-util-core": {
      "version": "1.0.0",
      "resolved": "https://npm.pkg.github.com/download/@aczwink/acts-util-core/1.0.0/a1c30143d22b4c6d002c6d755ad9fec93831e8f8",
      "integrity": "sha512-n4xcAXUb2meDzLdVD6nz1XzNCMzUkVA3jbn/LXHBY1q4jCgh+6SzzAQVIzM45RZEcEbIjnGEjJ6bwAzkkzT2tQ==",
      "license": "AGPL-3.0-only",
      "dependencies": {
        "reflect-metadata": "^0.2.2"
      }
    },
    "node_modules/@aczwink/openarabdict-domain": {
      "version": "1.1.0",
      "resolved": "https://npm.pkg.github.com/download/@aczwink/openarabdict-domain/1.1.0/7a443c62bcf2fe2677e97c02c38a551b7f1b012b",
      "integrity": "sha512-wGs6d/Zn+1s4/aOE7+S3hgtAHq9pByf718X5Z3ezTRRdq/9ejlVrqlUWnQcGZyqhglTllAfBhzj1JmlWfJyDLQ==",
      "license": "AGPL-3.0"
    },
    "node_modules/@aczwink/openarabicconjugation": {
      "version": "1.1.0",
      "resolved": "https://npm.pkg.github.com/download/@aczwink/openarabicconjugation/1.1.0/47c933da780fd608c98e152d80e00b7405f75420",
      "integrity": "sha512-oFzW23ozoa1uVeytsz50z4TSFgnudt1acOCy+62Gatbyu5XK9AnO0bOqW96i4LcuZ1+6QRYifn8yZMkEa/Nzdw==",
      "license": "AGPL-3.0",
      "dependencies": {
        "@aczwink/acts-util-core": "^1.0.0"
      }
    },
    "node_modules/reflect-metadata": {
      "version": "0.2.2",
      "resolved": "https://registry.npmjs.org/reflect-metadata/-/reflect-metadata-0.2.2.tgz",
      "integrity": "sha512-urBwgfrvVP/eAyXx4hluJivBKzuEbSQs9rKWCrCkbSxNv8mxPcUZKeuoF3Uy4mJl3Lwprp6yy5/39VWigZ4K6Q==",
      "license": "Apache-2.0"
    },
    "node_modules/typescript": {
      "version": "5.9.3",
      "resolved": "https://registry.npmjs.org/typescript/-/typescript-5.9.3.tgz",
      "integrity": "sha512-jl1vZzPDinLr9eUt3J/t7V6FgNEw9QjvBPdysz9KfQDD41fQrC2Y4vKQdiaUpFT4bXlb1RHhLpp8wtm6M5TgSw==",
      "dev": true,
      "license": "Apache-2.0",
      "bin": {
        "tsc": "bin/tsc",
        "tsserver": "bin/tsserver"
      },
      "engines": {
        "node": ">=14.17"
      }
    }
  }
}
